
Microsoft Visual Studio Solution File, Format Version 12.00
Project("{FAE04EC0-301F-11D3-BF4B-00C04F79EFBC}") = "CLI", "CLI\CLI.csproj", "{045BB6EE-59A3-4FA0-A5C0-F2DE7A11B58C}"
EndProject
Global
	GlobalSection(SolutionConfigurationPlatforms) = preSolution
		Debug|Any CPU = Debug|Any CPU
		Release|Any CPU = Release|Any CPU
	EndGlobalSection
	GlobalSection(ProjectConfigurationPlatforms) = postSolution
		{045BB6EE-59A3-4FA0-A5C0-F2DE7A11B58C}.Debug|Any CPU.ActiveCfg = Debug|Any CPU
		{045BB6EE-59A3-4FA0-A5C0-F2DE7A11B58C}.Debug|Any CPU.Build.0 = Debug|Any CPU
		{045BB6EE-59A3-4FA0-A5C0-F2DE7A11B58C}.Release|Any CPU.ActiveCfg = Release|Any CPU
		{045BB6EE-59A3-4FA0-A5C0-F2DE7A11B58C}.Release|Any CPU.Build.0 = Release|Any CPU
	EndGlobalSection
EndGlobal
